
Microsoft Visual Studio Solution File, Format Version 12.00
# Visual Studio Version 17
VisualStudioVersion = 17.7.34202.233
MinimumVisualStudioVersion = 10.0.40219.1
Project("{8BC9CEB8-8B4A-11D0-8D11-00A0C91BC942}") = "8.1 string", "8.1 string\8.1 string.vcxproj", "{72D816AC-7F23-4F03-B593-F04ED49D12F5}"
EndProject
Project("{8BC9CEB8-8B4A-11D0-8D11-00A0C91BC942}") = "UnitTest1", "UnitTest1\UnitTest1.vcxproj", "{FDEAD8D1-DC49-439A-A237-6266FBAA6646}"
EndProject
Global
	GlobalSection(SolutionConfigurationPlatforms) = preSolution
		Debug|x64 = Debug|x64
		Debug|x86 = Debug|x86
		Release|x64 = Release|x64
		Release|x86 = Release|x86
	EndGlobalSection
	GlobalSection(ProjectConfigurationPlatforms) = postSolution
		{72D816AC-7F23-4F03-B593-F04ED49D12F5}.Debug|x64.ActiveCfg = Debug|x64
		{72D816AC-7F23-4F03-B593-F04ED49D12F5}.Debug|x64.Build.0 = Debug|x64
		{72D816AC-7F23-4F03-B593-F04ED49D12F5}.Debug|x86.ActiveCfg = Debug|Win32
		{72D816AC-7F23-4F03-B593-F04ED49D12F5}.Debug|x86.Build.0 = Debug|Win32
		{72D816AC-7F23-4F03-B593-F04ED49D12F5}.Release|x64.ActiveCfg = Release|x64
		{72D816AC-7F23-4F03-B593-F04ED49D12F5}.Release|x64.Build.0 = Release|x64
		{72D816AC-7F23-4F03-B593-F04ED49D12F5}.Release|x86.ActiveCfg = Release|Win32
		{72D816AC-7F23-4F03-B593-F04ED49D12F5}.Release|x86.Build.0 = Release|Win32
		{FDEAD8D1-DC49-439A-A237-6266FBAA6646}.Debug|x64.ActiveCfg = Debug|x64
		{FDEAD8D1-DC49-439A-A237-6266FBAA6646}.Debug|x64.Build.0 = Debug|x64
		{FDEAD8D1-DC49-439A-A237-6266FBAA6646}.Debug|x86.ActiveCfg = Debug|Win32
		{FDEAD8D1-DC49-439A-A237-6266FBAA6646}.Debug|x86.Build.0 = Debug|Win32
		{FDEAD8D1-DC49-439A-A237-6266FBAA6646}.Release|x64.ActiveCfg = Release|x64
		{FDEAD8D1-DC49-439A-A237-6266FBAA6646}.Release|x64.Build.0 = Release|x64
		{FDEAD8D1-DC49-439A-A237-6266FBAA6646}.Release|x86.ActiveCfg = Release|Win32
		{FDEAD8D1-DC49-439A-A237-6266FBAA6646}.Release|x86.Build.0 = Release|Win32
	EndGlobalSection
	GlobalSection(SolutionProperties) = preSolution
		HideSolutionNode = FALSE
	EndGlobalSection
	GlobalSection(ExtensibilityGlobals) = postSolution
		SolutionGuid = {51A15297-0B99-4352-A242-8A2440417B5E}
	EndGlobalSection
EndGlobal
